
Microsoft Visual Studio Solution File, Format Version 12.00
# Visual Studio 2013
VisualStudioVersion = 12.0.21005.1
MinimumVisualStudioVersion = 10.0.40219.1
Project("{FAE04EC0-301F-11D3-BF4B-00C04F79EFBC}") = "FakeLab", "FakeLab\FakeLab.csproj", "{25F0A99A-139D-4C8A-990B-B8C80E347593}"
EndProject
Project("{FAE04EC0-301F-11D3-BF4B-00C04F79EFBC}") = "FakeLabTests", "FakeLabTests\FakeLabTests.csproj", "{F67C4FB5-7396-476E-8CD3-23E78CDDD660}"
EndProject
Project("{2150E333-8FDC-42A3-9474-1A3956D46DE8}") = ".nuget", ".nuget", "{B68EDDB9-EC52-4D1C-9483-5242B7B3CEA4}"
	ProjectSection(SolutionItems) = preProject
		.nuget\NuGet.Config = .nuget\NuGet.Config
		.nuget\NuGet.exe = .nuget\NuGet.exe
		.nuget\NuGet.targets = .nuget\NuGet.targets
	EndProjectSection
EndProject
Global
	GlobalSection(SolutionConfigurationPlatforms) = preSolution
		Debug|Any CPU = Debug|Any CPU
		Release|Any CPU = Release|Any CPU
	EndGlobalSection
	GlobalSection(ProjectConfigurationPlatforms) = postSolution
		{25F0A99A-139D-4C8A-990B-B8C80E347593}.Debug|Any CPU.ActiveCfg = Debug|Any CPU
		{25F0A99A-139D-4C8A-990B-B8C80E347593}.Debug|Any CPU.Build.0 = Debug|Any CPU
		{25F0A99A-139D-4C8A-990B-B8C80E347593}.Release|Any CPU.ActiveCfg = Release|Any CPU
		{25F0A99A-139D-4C8A-990B-B8C80E347593}.Release|Any CPU.Build.0 = Release|Any CPU
		{F67C4FB5-7396-476E-8CD3-23E78CDDD660}.Debug|Any CPU.ActiveCfg = Debug|Any CPU
		{F67C4FB5-7396-476E-8CD3-23E78CDDD660}.Debug|Any CPU.Build.0 = Debug|Any CPU
		{F67C4FB5-7396-476E-8CD3-23E78CDDD660}.Release|Any CPU.ActiveCfg = Release|Any CPU
		{F67C4FB5-7396-476E-8CD3-23E78CDDD660}.Release|Any CPU.Build.0 = Release|Any CPU
	EndGlobalSection
	GlobalSection(SolutionProperties) = preSolution
		HideSolutionNode = FALSE
	EndGlobalSection
EndGlobal
